// !$*UTF8*$!
{
	archiveVersion = 1;
	classes = {
	};
	objectVersion = 55;
	objects = {

/* Begin PBXBuildFile section */
		F4B5460C289E24BE00E288F5 /* CoffeeShopListApp.swift in Sources */ = {isa = PBXBuildFile; fileRef = F4B5460B289E24BE00E288F5 /* CoffeeShopListApp.swift */; };
		F4B54610289E24C000E288F5 /* Assets.xcassets in Resources */ = {isa = PBXBuildFile; fileRef = F4B5460F289E24C000E288F5 /* Assets.xcassets */; };
		F4B54613289E24C000E288F5 /* Preview Assets.xcassets in Resources */ = {isa = PBXBuildFile; fileRef = F4B54612289E24C000E288F5 /* Preview Assets.xcassets */; };
		F4B5461D289E24C000E288F5 /* CoffeeShopListTests.swift in Sources */ = {isa = PBXBuildFile; fileRef = F4B5461C289E24C000E288F5 /* CoffeeShopListTests.swift */; };
		F4B54627289E24C000E288F5 /* CoffeeShopListUITests.swift in Sources */ = {isa = PBXBuildFile; fileRef = F4B54626289E24C000E288F5 /* CoffeeShopListUITests.swift */; };
		F4B54629289E24C000E288F5 /* CoffeeShopListUITestsLaunchTests.swift in Sources */ = {isa = PBXBuildFile; fileRef = F4B54628289E24C000E288F5 /* CoffeeShopListUITestsLaunchTests.swift */; };
		F4B54638289E25D700E288F5 /* Shop.swift in Sources */ = {isa = PBXBuildFile; fileRef = F4B54637289E25D700E288F5 /* Shop.swift */; };
		F4B5463A289E262600E288F5 /* ModelData.swift in Sources */ = {isa = PBXBuildFile; fileRef = F4B54639289E262600E288F5 /* ModelData.swift */; };
		F4B5463F289E26C400E288F5 /* ColorConstants.swift in Sources */ = {isa = PBXBuildFile; fileRef = F4B5463E289E26C400E288F5 /* ColorConstants.swift */; };
		F4B54641289E293100E288F5 /* ShopRow.swift in Sources */ = {isa = PBXBuildFile; fileRef = F4B54640289E293100E288F5 /* ShopRow.swift */; };
		F4B54643289E2A0000E288F5 /* ShopList.swift in Sources */ = {isa = PBXBuildFile; fileRef = F4B54642289E2A0000E288F5 /* ShopList.swift */; };
		F4B54645289E2A5E00E288F5 /* ShopCard.swift in Sources */ = {isa = PBXBuildFile; fileRef = F4B54644289E2A5E00E288F5 /* ShopCard.swift */; };
		F4B54647289E2B6B00E288F5 /* MapView.swift in Sources */ = {isa = PBXBuildFile; fileRef = F4B54646289E2B6B00E288F5 /* MapView.swift */; };
		F4B54649289E2BAE00E288F5 /* CirlcleImage.swift in Sources */ = {isa = PBXBuildFile; fileRef = F4B54648289E2BAE00E288F5 /* CirlcleImage.swift */; };
		F4B5464B289E2BE000E288F5 /* ContentView.swift in Sources */ = {isa = PBXBuildFile; fileRef = F4B5464A289E2BE000E288F5 /* ContentView.swift */; };
		F4B5464D289E2E7800E288F5 /* InfoView.swift in Sources */ = {isa = PBXBuildFile; fileRef = F4B5464C289E2E7800E288F5 /* InfoView.swift */; };
/* End PBXBuildFile section */

/* Begin PBXContainerItemProxy section */
		F4B54619289E24C000E288F5 /* PBXContainerItemProxy */ = {
			isa = PBXContainerItemProxy;
			containerPortal = F4B54600289E24BE00E288F5 /* Project object */;
			proxyType = 1;
			remoteGlobalIDString = F4B54607289E24BE00E288F5;
			remoteInfo = CoffeeShopList;
		};
		F4B54623289E24C000E288F5 /* PBXContainerItemProxy */ = {
			isa = PBXContainerItemProxy;
			containerPortal = F4B54600289E24BE00E288F5 /* Project object */;
			proxyType = 1;
			remoteGlobalIDString = F4B54607289E24BE00E288F5;
			remoteInfo = CoffeeShopList;
		};
/* End PBXContainerItemProxy section */

/* Begin PBXFileReference section */
		F4B54608289E24BE00E288F5 /* CoffeeShopList.app */ = {isa = PBXFileReference; explicitFileType = wrapper.application; includeInIndex = 0; path = CoffeeShopList.app; sourceTree = BUILT_PRODUCTS_DIR; };
		F4B5460B289E24BE00E288F5 /* CoffeeShopListApp.swift */ = {isa = PBXFileReference; lastKnownFileType = sourcecode.swift; path = CoffeeShopListApp.swift; sourceTree = "<group>"; };
		F4B5460F289E24C000E288F5 /* Assets.xcassets */ = {isa = PBXFileReference; lastKnownFileType = folder.assetcatalog; path = Assets.xcassets; sourceTree = "<group>"; };
		F4B54612289E24C000E288F5 /* Preview Assets.xcassets */ = {isa = PBXFileReference; lastKnownFileType = folder.assetcatalog; path = "Preview Assets.xcassets"; sourceTree = "<group>"; };
		F4B54618289E24C000E288F5 /* CoffeeShopListTests.xctest */ = {isa = PBXFileReference; explicitFileType = wrapper.cfbundle; includeInIndex = 0; path = CoffeeShopListTests.xctest; sourceTree = BUILT_PRODUCTS_DIR; };
		F4B5461C289E24C000E288F5 /* CoffeeShopListTests.swift */ = {isa = PBXFileReference; lastKnownFileType = sourcecode.swift; path = CoffeeShopListTests.swift; sourceTree = "<group>"; };
		F4B54622289E24C000E288F5 /* CoffeeShopListUITests.xctest */ = {isa = PBXFileReference; explicitFileType = wrapper.cfbundle; includeInIndex = 0; path = CoffeeShopListUITests.xctest; sourceTree = BUILT_PRODUCTS_DIR; };
		F4B54626289E24C000E288F5 /* CoffeeShopListUITests.swift */ = {isa = PBXFileReference; lastKnownFileType = sourcecode.swift; path = CoffeeShopListUITests.swift; sourceTree = "<group>"; };
		F4B54628289E24C000E288F5 /* CoffeeShopListUITestsLaunchTests.swift */ = {isa = PBXFileReference; lastKnownFileType = sourcecode.swift; path = CoffeeShopListUITestsLaunchTests.swift; sourceTree = "<group>"; };
		F4B54637289E25D700E288F5 /* Shop.swift */ = {isa = PBXFileReference; lastKnownFileType = sourcecode.swift; path = Shop.swift; sourceTree = "<group>"; };
		F4B54639289E262600E288F5 /* ModelData.swift */ = {isa = PBXFileReference; lastKnownFileType = sourcecode.swift; path = ModelData.swift; sourceTree = "<group>"; };
		F4B5463E289E26C400E288F5 /* ColorConstants.swift */ = {isa = PBXFileReference; lastKnownFileType = sourcecode.swift; path = ColorConstants.swift; sourceTree = "<group>"; };
		F4B54640289E293100E288F5 /* ShopRow.swift */ = {isa = PBXFileReference; lastKnownFileType = sourcecode.swift; path = ShopRow.swift; sourceTree = "<group>"; };
		F4B54642289E2A0000E288F5 /* ShopList.swift */ = {isa = PBXFileReference; lastKnownFileType = sourcecode.swift; path = ShopList.swift; sourceTree = "<group>"; };
		F4B54644289E2A5E00E288F5 /* ShopCard.swift */ = {isa = PBXFileReference; lastKnownFileType = sourcecode.swift; path = ShopCard.swift; sourceTree = "<group>"; };
		F4B54646289E2B6B00E288F5 /* MapView.swift */ = {isa = PBXFileReference; lastKnownFileType = sourcecode.swift; path = MapView.swift; sourceTree = "<group>"; };
		F4B54648289E2BAE00E288F5 /* CirlcleImage.swift */ = {isa = PBXFileReference; lastKnownFileType = sourcecode.swift; path = CirlcleImage.swift; sourceTree = "<group>"; };
		F4B5464A289E2BE000E288F5 /* ContentView.swift */ = {isa = PBXFileReference; lastKnownFileType = sourcecode.swift; path = ContentView.swift; sourceTree = "<group>"; };
		F4B5464C289E2E7800E288F5 /* InfoView.swift */ = {isa = PBXFileReference; lastKnownFileType = sourcecode.swift; path = InfoView.swift; sourceTree = "<group>"; };
/* End PBXFileReference section */

/* Begin PBXFrameworksBuildPhase section */
		F4B54605289E24BE00E288F5 /* Frameworks */ = {
			isa = PBXFrameworksBuildPhase;
			buildActionMask = 2147483647;
			files = (
			);
			runOnlyForDeploymentPostprocessing = 0;
		};
		F4B54615289E24C000E288F5 /* Frameworks */ = {
			isa = PBXFrameworksBuildPhase;
			buildActionMask = 2147483647;
			files = (
			);
			runOnlyForDeploymentPostprocessing = 0;
		};
		F4B5461F289E24C000E288F5 /* Frameworks */ = {
			isa = PBXFrameworksBuildPhase;
			buildActionMask = 2147483647;
			files = (
			);
			runOnlyForDeploymentPostprocessing = 0;
		};
/* End PBXFrameworksBuildPhase section */

/* Begin PBXGroup section */
		F4B545FF289E24BE00E288F5 = {
			isa = PBXGroup;
			children = (
				F4B5460A289E24BE00E288F5 /* CoffeeShopList */,
				F4B5461B289E24C000E288F5 /* CoffeeShopListTests */,
				F4B54625289E24C000E288F5 /* CoffeeShopListUITests */,
				F4B54609289E24BE00E288F5 /* Products */,
			);
			sourceTree = "<group>";
		};
		F4B54609289E24BE00E288F5 /* Products */ = {
			isa = PBXGroup;
			children = (
				F4B54608289E24BE00E288F5 /* CoffeeShopList.app */,
				F4B54618289E24C000E288F5 /* CoffeeShopListTests.xctest */,
				F4B54622289E24C000E288F5 /* CoffeeShopListUITests.xctest */,
			);
			name = Products;
			sourceTree = "<group>";
		};
		F4B5460A289E24BE00E288F5 /* CoffeeShopList */ = {
			isa = PBXGroup;
			children = (
				F4B54636289E25A800E288F5 /* Model */,
				F4B54635289E259A00E288F5 /* Views */,
				F4B5460B289E24BE00E288F5 /* CoffeeShopListApp.swift */,
				F4B5460F289E24C000E288F5 /* Assets.xcassets */,
				F4B54611289E24C000E288F5 /* Preview Content */,
			);
			path = CoffeeShopList;
			sourceTree = "<group>";
		};
		F4B54611289E24C000E288F5 /* Preview Content */ = {
			isa = PBXGroup;
			children = (
				F4B54612289E24C000E288F5 /* Preview Assets.xcassets */,
			);
			path = "Preview Content";
			sourceTree = "<group>";
		};
		F4B5461B289E24C000E288F5 /* CoffeeShopListTests */ = {
			isa = PBXGroup;
			children = (
				F4B5461C289E24C000E288F5 /* CoffeeShopListTests.swift */,
			);
			path = CoffeeShopListTests;
			sourceTree = "<group>";
		};
		F4B54625289E24C000E288F5 /* CoffeeShopListUITests */ = {
			isa = PBXGroup;
			children = (
				F4B54626289E24C000E288F5 /* CoffeeShopListUITests.swift */,
				F4B54628289E24C000E288F5 /* CoffeeShopListUITestsLaunchTests.swift */,
			);
			path = CoffeeShopListUITests;
			sourceTree = "<group>";
		};
		F4B54635289E259A00E288F5 /* Views */ = {
			isa = PBXGroup;
			children = (
				F4B54640289E293100E288F5 /* ShopRow.swift */,
				F4B54642289E2A0000E288F5 /* ShopList.swift */,
				F4B54644289E2A5E00E288F5 /* ShopCard.swift */,
				F4B54646289E2B6B00E288F5 /* MapView.swift */,
				F4B54648289E2BAE00E288F5 /* CirlcleImage.swift */,
				F4B5464A289E2BE000E288F5 /* ContentView.swift */,
				F4B5464C289E2E7800E288F5 /* InfoView.swift */,
			);
			path = Views;
			sourceTree = "<group>";
		};
		F4B54636289E25A800E288F5 /* Model */ = {
			isa = PBXGroup;
			children = (
				F4B54637289E25D700E288F5 /* Shop.swift */,
				F4B54639289E262600E288F5 /* ModelData.swift */,
				F4B5463E289E26C400E288F5 /* ColorConstants.swift */,
			);
			path = Model;
			sourceTree = "<group>";
		};
/* End PBXGroup section */

/* Begin PBXNativeTarget section */
		F4B54607289E24BE00E288F5 /* CoffeeShopList */ = {
			isa = PBXNativeTarget;
			buildConfigurationList = F4B5462C289E24C000E288F5 /* Build configuration list for PBXNativeTarget "CoffeeShopList" */;
			buildPhases = (
				F4B54604289E24BE00E288F5 /* Sources */,
				F4B54605289E24BE00E288F5 /* Frameworks */,
				F4B54606289E24BE00E288F5 /* Resources */,
			);
			buildRules = (
			);
			dependencies = (
			);
			name = CoffeeShopList;
			productName = CoffeeShopList;
			productReference = F4B54608289E24BE00E288F5 /* CoffeeShopList.app */;
			productType = "com.apple.product-type.application";
		};
		F4B54617289E24C000E288F5 /* CoffeeShopListTests */ = {
			isa = PBXNativeTarget;
			buildConfigurationList = F4B5462F289E24C000E288F5 /* Build configuration list for PBXNativeTarget "CoffeeShopListTests" */;
			buildPhases = (
				F4B54614289E24C000E288F5 /* Sources */,
				F4B54615289E24C000E288F5 /* Frameworks */,
				F4B54616289E24C000E288F5 /* Resources */,
			);
			buildRules = (
			);
			dependencies = (
				F4B5461A289E24C000E288F5 /* PBXTargetDependency */,
			);
			name = CoffeeShopListTests;
			productName = CoffeeShopListTests;
			productReference = F4B54618289E24C000E288F5 /* CoffeeShopListTests.xctest */;
			productType = "com.apple.product-type.bundle.unit-test";
		};
		F4B54621289E24C000E288F5 /* CoffeeShopListUITests */ = {
			isa = PBXNativeTarget;
			buildConfigurationList = F4B54632289E24C000E288F5 /* Build configuration list for PBXNativeTarget "CoffeeShopListUITests" */;
			buildPhases = (
				F4B5461E289E24C000E288F5 /* Sources */,
				F4B5461F289E24C000E288F5 /* Frameworks */,
				F4B54620289E24C000E288F5 /* Resources */,
			);
			buildRules = (
			);
			dependencies = (
				F4B54624289E24C000E288F5 /* PBXTargetDependency */,
			);
			name = CoffeeShopListUITests;
			productName = CoffeeShopListUITests;
			productReference = F4B54622289E24C000E288F5 /* CoffeeShopListUITests.xctest */;
			productType = "com.apple.product-type.bundle.ui-testing";
		};
/* End PBXNativeTarget section */

/* Begin PBXProject section */
		F4B54600289E24BE00E288F5 /* Project object */ = {
			isa = PBXProject;
			attributes = {
				BuildIndependentTargetsInParallel = 1;
				LastSwiftUpdateCheck = 1320;
				LastUpgradeCheck = 1320;
				TargetAttributes = {
					F4B54607289E24BE00E288F5 = {
						CreatedOnToolsVersion = 13.2.1;
					};
					F4B54617289E24C000E288F5 = {
						CreatedOnToolsVersion = 13.2.1;
						TestTargetID = F4B54607289E24BE00E288F5;
					};
					F4B54621289E24C000E288F5 = {
						CreatedOnToolsVersion = 13.2.1;
						TestTargetID = F4B54607289E24BE00E288F5;
					};
				};
			};
			buildConfigurationList = F4B54603289E24BE00E288F5 /* Build configuration list for PBXProject "CoffeeShopList" */;
			compatibilityVersion = "Xcode 13.0";
			developmentRegion = en;
			hasScannedForEncodings = 0;
			knownRegions = (
				en,
				Base,
			);
			mainGroup = F4B545FF289E24BE00E288F5;
			productRefGroup = F4B54609289E24BE00E288F5 /* Products */;
			projectDirPath = "";
			projectRoot = "";
			targets = (
				F4B54607289E24BE00E288F5 /* CoffeeShopList */,
				F4B54617289E24C000E288F5 /* CoffeeShopListTests */,
				F4B54621289E24C000E288F5 /* CoffeeShopListUITests */,
			);
		};
/* End PBXProject section */

/* Begin PBXResourcesBuildPhase section */
		F4B54606289E24BE00E288F5 /* Resources */ = {
			isa = PBXResourcesBuildPhase;
			buildActionMask = 2147483647;
			files = (
				F4B54613289E24C000E288F5 /* Preview Assets.xcassets in Resources */,
				F4B54610289E24C000E288F5 /* Assets.xcassets in Resources */,
			);
			runOnlyForDeploymentPostprocessing = 0;
		};
		F4B54616289E24C000E288F5 /* Resources */ = {
			isa = PBXResourcesBuildPhase;
			buildActionMask = 2147483647;
			files = (
			);
			runOnlyForDeploymentPostprocessing = 0;
		};
		F4B54620289E24C000E288F5 /* Resources */ = {
			isa = PBXResourcesBuildPhase;
			buildActionMask = 2147483647;
			files = (
			);
			runOnlyForDeploymentPostprocessing = 0;
		};
/* End PBXResourcesBuildPhase section */

/* Begin PBXSourcesBuildPhase section */
		F4B54604289E24BE00E288F5 /* Sources */ = {
			isa = PBXSourcesBuildPhase;
			buildActionMask = 2147483647;
			files = (
				F4B54638289E25D700E288F5 /* Shop.swift in Sources */,
				F4B5464D289E2E7800E288F5 /* InfoView.swift in Sources */,
				F4B5464B289E2BE000E288F5 /* ContentView.swift in Sources */,
				F4B54643289E2A0000E288F5 /* ShopList.swift in Sources */,
				F4B5463A289E262600E288F5 /* ModelData.swift in Sources */,
				F4B54641289E293100E288F5 /* ShopRow.swift in Sources */,
				F4B54645289E2A5E00E288F5 /* ShopCard.swift in Sources */,
				F4B54649289E2BAE00E288F5 /* CirlcleImage.swift in Sources */,
				F4B5463F289E26C400E288F5 /* ColorConstants.swift in Sources */,
				F4B54647289E2B6B00E288F5 /* MapView.swift in Sources */,
				F4B5460C289E24BE00E288F5 /* CoffeeShopListApp.swift in Sources */,
			);
			runOnlyForDeploymentPostprocessing = 0;
		};
		F4B54614289E24C000E288F5 /* Sources */ = {
			isa = PBXSourcesBuildPhase;
			buildActionMask = 2147483647;
			files = (
				F4B5461D289E24C000E288F5 /* CoffeeShopListTests.swift in Sources */,
			);
			runOnlyForDeploymentPostprocessing = 0;
		};
		F4B5461E289E24C000E288F5 /* Sources */ = {
			isa = PBXSourcesBuildPhase;
			buildActionMask = 2147483647;
			files = (
				F4B54629289E24C000E288F5 /* CoffeeShopListUITestsLaunchTests.swift in Sources */,
				F4B54627289E24C000E288F5 /* CoffeeShopListUITests.swift in Sources */,
			);
			runOnlyForDeploymentPostprocessing = 0;
		};
/* End PBXSourcesBuildPhase section */

/* Begin PBXTargetDependency section */
		F4B5461A289E24C000E288F5 /* PBXTargetDependency */ = {
			isa = PBXTargetDependency;
			target = F4B54607289E24BE00E288F5 /* CoffeeShopList */;
			targetProxy = F4B54619289E24C000E288F5 /* PBXContainerItemProxy */;
		};
		F4B54624289E24C000E288F5 /* PBXTargetDependency */ = {
			isa = PBXTargetDependency;
			target = F4B54607289E24BE00E288F5 /* CoffeeShopList */;
			targetProxy = F4B54623289E24C000E288F5 /* PBXContainerItemProxy */;
		};
/* End PBXTargetDependency section */

/* Begin XCBuildConfiguration section */
		F4B5462A289E24C000E288F5 /* Debug */ = {
			isa = XCBuildConfiguration;
			buildSettings = {
				ALWAYS_SEARCH_USER_PATHS = NO;
				CLANG_ANALYZER_NONNULL = YES;
				CLANG_ANALYZER_NUMBER_OBJECT_CONVERSION = YES_AGGRESSIVE;
				CLANG_CXX_LANGUAGE_STANDARD = "gnu++17";
				CLANG_CXX_LIBRARY = "libc++";
				CLANG_ENABLE_MODULES = YES;
				CLANG_ENABLE_OBJC_ARC = YES;
				CLANG_ENABLE_OBJC_WEAK = YES;
				CLANG_WARN_BLOCK_CAPTURE_AUTORELEASING = YES;
				CLANG_WARN_BOOL_CONVERSION = YES;
				CLANG_WARN_COMMA = YES;
				CLANG_WARN_CONSTANT_CONVERSION = YES;
				CLANG_WARN_DEPRECATED_OBJC_IMPLEMENTATIONS = YES;
				CLANG_WARN_DIRECT_OBJC_ISA_USAGE = YES_ERROR;
				CLANG_WARN_DOCUMENTATION_COMMENTS = YES;
				CLANG_WARN_EMPTY_BODY = YES;
				CLANG_WARN_ENUM_CONVERSION = YES;
				CLANG_WARN_INFINITE_RECURSION = YES;
				CLANG_WARN_INT_CONVERSION = YES;
				CLANG_WARN_NON_LITERAL_NULL_CONVERSION = YES;
				CLANG_WARN_OBJC_IMPLICIT_RETAIN_SELF = YES;
				CLANG_WARN_OBJC_LITERAL_CONVERSION = YES;
				CLANG_WARN_OBJC_ROOT_CLASS = YES_ERROR;
				CLANG_WARN_QUOTED_INCLUDE_IN_FRAMEWORK_HEADER = YES;
				CLANG_WARN_RANGE_LOOP_ANALYSIS = YES;
				CLANG_WARN_STRICT_PROTOTYPES = YES;
				CLANG_WARN_SUSPICIOUS_MOVE = YES;
				CLANG_WARN_UNGUARDED_AVAILABILITY = YES_AGGRESSIVE;
				CLANG_WARN_UNREACHABLE_CODE = YES;
				CLANG_WARN__DUPLICATE_METHOD_MATCH = YES;
				COPY_PHASE_STRIP = NO;
				DEBUG_INFORMATION_FORMAT = dwarf;
				ENABLE_STRICT_OBJC_MSGSEND = YES;
				ENABLE_TESTABILITY = YES;
				GCC_C_LANGUAGE_STANDARD = gnu11;
				GCC_DYNAMIC_NO_PIC = NO;
				GCC_NO_COMMON_BLOCKS = YES;
				GCC_OPTIMIZATION_LEVEL = 0;
				GCC_PREPROCESSOR_DEFINITIONS = (
					"DEBUG=1",
					"$(inherited)",
				);
				GCC_WARN_64_TO_32_BIT_CONVERSION = YES;
				GCC_WARN_ABOUT_RETURN_TYPE = YES_ERROR;
				GCC_WARN_UNDECLARED_SELECTOR = YES;
				GCC_WARN_UNINITIALIZED_AUTOS = YES_AGGRESSIVE;
				GCC_WARN_UNUSED_FUNCTION = YES;
				GCC_WARN_UNUSED_VARIABLE = YES;
				IPHONEOS_DEPLOYMENT_TARGET = 15.2;
				MTL_ENABLE_DEBUG_INFO = INCLUDE_SOURCE;
				MTL_FAST_MATH = YES;
				ONLY_ACTIVE_ARCH = YES;
				SDKROOT = iphoneos;
				SWIFT_ACTIVE_COMPILATION_CONDITIONS = DEBUG;
				SWIFT_OPTIMIZATION_LEVEL = "-Onone";
			};
			name = Debug;
		};
		F4B5462B289E24C000E288F5 /* Release */ = {
			isa = XCBuildConfiguration;
			buildSettings = {
				ALWAYS_SEARCH_USER_PATHS = NO;
				CLANG_ANALYZER_NONNULL = YES;
				CLANG_ANALYZER_NUMBER_OBJECT_CONVERSION = YES_AGGRESSIVE;
				CLANG_CXX_LANGUAGE_STANDARD = "gnu++17";
				CLANG_CXX_LIBRARY = "libc++";
				CLANG_ENABLE_MODULES = YES;
				CLANG_ENABLE_OBJC_ARC = YES;
				CLANG_ENABLE_OBJC_WEAK = YES;
				CLANG_WARN_BLOCK_CAPTURE_AUTORELEASING = YES;
				CLANG_WARN_BOOL_CONVERSION = YES;
				CLANG_WARN_COMMA = YES;
				CLANG_WARN_CONSTANT_CONVERSION = YES;
				CLANG_WARN_DEPRECATED_OBJC_IMPLEMENTATIONS = YES;
				CLANG_WARN_DIRECT_OBJC_ISA_USAGE = YES_ERROR;
				CLANG_WARN_DOCUMENTATION_COMMENTS = YES;
				CLANG_WARN_EMPTY_BODY = YES;
				CLANG_WARN_ENUM_CONVERSION = YES;
				CLANG_WARN_INFINITE_RECURSION = YES;
				CLANG_WARN_INT_CONVERSION = YES;
				CLANG_WARN_NON_LITERAL_NULL_CONVERSION = YES;
				CLANG_WARN_OBJC_IMPLICIT_RETAIN_SELF = YES;
				CLANG_WARN_OBJC_LITERAL_CONVERSION = YES;
				CLANG_WARN_OBJC_ROOT_CLASS = YES_ERROR;
				CLANG_WARN_QUOTED_INCLUDE_IN_FRAMEWORK_HEADER = YES;
				CLANG_WARN_RANGE_LOOP_ANALYSIS = YES;
				CLANG_WARN_STRICT_PROTOTYPES = YES;
				CLANG_WARN_SUSPICIOUS_MOVE = YES;
				CLANG_WARN_UNGUARDED_AVAILABILITY = YES_AGGRESSIVE;
				CLANG_WARN_UNREACHABLE_CODE = YES;
				CLANG_WARN__DUPLICATE_METHOD_MATCH = YES;
				COPY_PHASE_STRIP = NO;
				DEBUG_INFORMATION_FORMAT = "dwarf-with-dsym";
				ENABLE_NS_ASSERTIONS = NO;
				ENABLE_STRICT_OBJC_MSGSEND = YES;
				GCC_C_LANGUAGE_STANDARD = gnu11;
				GCC_NO_COMMON_BLOCKS = YES;
				GCC_WARN_64_TO_32_BIT_CONVERSION = YES;
				GCC_WARN_ABOUT_RETURN_TYPE = YES_ERROR;
				GCC_WARN_UNDECLARED_SELECTOR = YES;
				GCC_WARN_UNINITIALIZED_AUTOS = YES_AGGRESSIVE;
				GCC_WARN_UNUSED_FUNCTION = YES;
				GCC_WARN_UNUSED_VARIABLE = YES;
				IPHONEOS_DEPLOYMENT_TARGET = 15.2;
				MTL_ENABLE_DEBUG_INFO = NO;
				MTL_FAST_MATH = YES;
				SDKROOT = iphoneos;
				SWIFT_COMPILATION_MODE = wholemodule;
				SWIFT_OPTIMIZATION_LEVEL = "-O";
				VALIDATE_PRODUCT = YES;
			};
			name = Release;
		};
		F4B5462D289E24C000E288F5 /* Debug */ = {
			isa = XCBuildConfiguration;
			buildSettings = {
				ASSETCATALOG_COMPILER_APPICON_NAME = AppIcon;
				ASSETCATALOG_COMPILER_GLOBAL_ACCENT_COLOR_NAME = AccentColor;
				CODE_SIGN_STYLE = Automatic;
				CURRENT_PROJECT_VERSION = 1;
				DEVELOPMENT_ASSET_PATHS = "\"CoffeeShopList/Preview Content\"";
				DEVELOPMENT_TEAM = 358XUGL83F;
				ENABLE_PREVIEWS = YES;
				GENERATE_INFOPLIST_FILE = YES;
				INFOPLIST_KEY_UIApplicationSceneManifest_Generation = YES;
				INFOPLIST_KEY_UIApplicationSupportsIndirectInputEvents = YES;
				INFOPLIST_KEY_UILaunchScreen_Generation = YES;
				INFOPLIST_KEY_UISupportedInterfaceOrientations_iPad = "UIInterfaceOrientationPortrait UIInterfaceOrientationPortraitUpsideDown UIInterfaceOrientationLandscapeLeft UIInterfaceOrientationLandscapeRight";
				INFOPLIST_KEY_UISupportedInterfaceOrientations_iPhone = "UIInterfaceOrientationPortrait UIInterfaceOrientationLandscapeLeft UIInterfaceOrientationLandscapeRight";
				LD_RUNPATH_SEARCH_PATHS = (
					"$(inherited)",
					"@executable_path/Frameworks",
				);
				MARKETING_VERSION = 1.0;
				PRODUCT_BUNDLE_IDENTIFIER = vn.edu.rmit.CoffeeShopList;
				PRODUCT_NAME = "$(TARGET_NAME)";
				SWIFT_EMIT_LOC_STRINGS = YES;
				SWIFT_VERSION = 5.0;
				TARGETED_DEVICE_FAMILY = "1,2";
			};
			name = Debug;
		};
		F4B5462E289E24C000E288F5 /* Release */ = {
			isa = XCBuildConfiguration;
			buildSettings = {
				ASSETCATALOG_COMPILER_APPICON_NAME = AppIcon;
				ASSETCATALOG_COMPILER_GLOBAL_ACCENT_COLOR_NAME = AccentColor;
				CODE_SIGN_STYLE = Automatic;
				CURRENT_PROJECT_VERSION = 1;
				DEVELOPMENT_ASSET_PATHS = "\"CoffeeShopList/Preview Content\"";
				DEVELOPMENT_TEAM = 358XUGL83F;
				ENABLE_PREVIEWS = YES;
				GENERATE_INFOPLIST_FILE = YES;
				INFOPLIST_KEY_UIApplicationSceneManifest_Generation = YES;
				INFOPLIST_KEY_UIApplicationSupportsIndirectInputEvents = YES;
				INFOPLIST_KEY_UILaunchScreen_Generation = YES;
				INFOPLIST_KEY_UISupportedInterfaceOrientations_iPad = "UIInterfaceOrientationPortrait UIInterfaceOrientationPortraitUpsideDown UIInterfaceOrientationLandscapeLeft UIInterfaceOrientationLandscapeRight";
				INFOPLIST_KEY_UISupportedInterfaceOrientations_iPhone = "UIInterfaceOrientationPortrait UIInterfaceOrientationLandscapeLeft UIInterfaceOrientationLandscapeRight";
				LD_RUNPATH_SEARCH_PATHS = (
					"$(inherited)",
					"@executable_path/Frameworks",
				);
				MARKETING_VERSION = 1.0;
				PRODUCT_BUNDLE_IDENTIFIER = vn.edu.rmit.CoffeeShopList;
				PRODUCT_NAME = "$(TARGET_NAME)";
				SWIFT_EMIT_LOC_STRINGS = YES;
				SWIFT_VERSION = 5.0;
				TARGETED_DEVICE_FAMILY = "1,2";
			};
			name = Release;
		};
		F4B54630289E24C000E288F5 /* Debug */ = {
			isa = XCBuildConfiguration;
			buildSettings = {
				ALWAYS_EMBED_SWIFT_STANDARD_LIBRARIES = YES;
				BUNDLE_LOADER = "$(TEST_HOST)";
				CODE_SIGN_STYLE = Automatic;
				CURRENT_PROJECT_VERSION = 1;
				DEVELOPMENT_TEAM = 358XUGL83F;
				GENERATE_INFOPLIST_FILE = YES;
				IPHONEOS_DEPLOYMENT_TARGET = 15.2;
				MARKETING_VERSION = 1.0;
				PRODUCT_BUNDLE_IDENTIFIER = vn.edu.rmit.CoffeeShopListTests;
				PRODUCT_NAME = "$(TARGET_NAME)";
				SWIFT_EMIT_LOC_STRINGS = NO;
				SWIFT_VERSION = 5.0;
				TARGETED_DEVICE_FAMILY = "1,2";
				TEST_HOST = "$(BUILT_PRODUCTS_DIR)/CoffeeShopList.app/CoffeeShopList";
			};
			name = Debug;
		};
		F4B54631289E24C000E288F5 /* Release */ = {
			isa = XCBuildConfiguration;
			buildSettings = {
				ALWAYS_EMBED_SWIFT_STANDARD_LIBRARIES = YES;
				BUNDLE_LOADER = "$(TEST_HOST)";
				CODE_SIGN_STYLE = Automatic;
				CURRENT_PROJECT_VERSION = 1;
				DEVELOPMENT_TEAM = 358XUGL83F;
				GENERATE_INFOPLIST_FILE = YES;
				IPHONEOS_DEPLOYMENT_TARGET = 15.2;
				MARKETING_VERSION = 1.0;
				PRODUCT_BUNDLE_IDENTIFIER = vn.edu.rmit.CoffeeShopListTests;
				PRODUCT_NAME = "$(TARGET_NAME)";
				SWIFT_EMIT_LOC_STRINGS = NO;
				SWIFT_VERSION = 5.0;
				TARGETED_DEVICE_FAMILY = "1,2";
				TEST_HOST = "$(BUILT_PRODUCTS_DIR)/CoffeeShopList.app/CoffeeShopList";
			};
			name = Release;
		};
		F4B54633289E24C000E288F5 /* Debug */ = {
			isa = XCBuildConfiguration;
			buildSettings = {
				ALWAYS_EMBED_SWIFT_STANDARD_LIBRARIES = YES;
				CODE_SIGN_STYLE = Automatic;
				CURRENT_PROJECT_VERSION = 1;
				DEVELOPMENT_TEAM = 358XUGL83F;
				GENERATE_INFOPLIST_FILE = YES;
				MARKETING_VERSION = 1.0;
				PRODUCT_BUNDLE_IDENTIFIER = vn.edu.rmit.CoffeeShopListUITests;
				PRODUCT_NAME = "$(TARGET_NAME)";
				SWIFT_EMIT_LOC_STRINGS = NO;
				SWIFT_VERSION = 5.0;
				TARGETED_DEVICE_FAMILY = "1,2";
				TEST_TARGET_NAME = CoffeeShopList;
			};
			name = Debug;
		};
		F4B54634289E24C000E288F5 /* Release */ = {
			isa = XCBuildConfiguration;
			buildSettings = {
				ALWAYS_EMBED_SWIFT_STANDARD_LIBRARIES = YES;
				CODE_SIGN_STYLE = Automatic;
				CURRENT_PROJECT_VERSION = 1;
				DEVELOPMENT_TEAM = 358XUGL83F;
				GENERATE_INFOPLIST_FILE = YES;
				MARKETING_VERSION = 1.0;
				PRODUCT_BUNDLE_IDENTIFIER = vn.edu.rmit.CoffeeShopListUITests;
				PRODUCT_NAME = "$(TARGET_NAME)";
				SWIFT_EMIT_LOC_STRINGS = NO;
				SWIFT_VERSION = 5.0;
				TARGETED_DEVICE_FAMILY = "1,2";
				TEST_TARGET_NAME = CoffeeShopList;
			};
			name = Release;
		};
/* End XCBuildConfiguration section */

/* Begin XCConfigurationList section */
		F4B54603289E24BE00E288F5 /* Build configuration list for PBXProject "CoffeeShopList" */ = {
			isa = XCConfigurationList;
			buildConfigurations = (
				F4B5462A289E24C000E288F5 /* Debug */,
				F4B5462B289E24C000E288F5 /* Release */,
			);
			defaultConfigurationIsVisible = 0;
			defaultConfigurationName = Release;
		};
		F4B5462C289E24C000E288F5 /* Build configuration list for PBXNativeTarget "CoffeeShopList" */ = {
			isa = XCConfigurationList;
			buildConfigurations = (
				F4B5462D289E24C000E288F5 /* Debug */,
				F4B5462E289E24C000E288F5 /* Release */,
			);
			defaultConfigurationIsVisible = 0;
			defaultConfigurationName = Release;
		};
		F4B5462F289E24C000E288F5 /* Build configuration list for PBXNativeTarget "CoffeeShopListTests" */ = {
			isa = XCConfigurationList;
			buildConfigurations = (
				F4B54630289E24C000E288F5 /* Debug */,
				F4B54631289E24C000E288F5 /* Release */,
			);
			defaultConfigurationIsVisible = 0;
			defaultConfigurationName = Release;
		};
		F4B54632289E24C000E288F5 /* Build configuration list for PBXNativeTarget "CoffeeShopListUITests" */ = {
			isa = XCConfigurationList;
			buildConfigurations = (
				F4B54633289E24C000E288F5 /* Debug */,
				F4B54634289E24C000E288F5 /* Release */,
			);
			defaultConfigurationIsVisible = 0;
			defaultConfigurationName = Release;
		};
/* End XCConfigurationList section */
	};
	rootObject = F4B54600289E24BE00E288F5 /* Project object */;
}
